{
    "name": "client",
    "version": "1.0.0",
    "lockfileVersion": 1,
    "requires": true,
    "dependencies": {
        "crazy-validator": {
            "version": "1.0.2",
            "resolved": "https://registry.nlark.com/crazy-validator/download/crazy-validator-1.0.2.tgz",
            "integrity": "sha1-vuL7/EMm83+Db+ygFvatGF0B8RQ="
        },
        "js-md5": {
            "version": "0.7.3",
            "resolved": "https://registry.npmjs.org/js-md5/-/js-md5-0.7.3.tgz",
            "integrity": "sha512-ZC41vPSTLKGwIRjqDh8DfXoCrdQIyBgspJVPXHBGu4nZlAEvG3nf+jO9avM9RmLiGakg7vz974ms99nEV0tmTQ=="
        }
    }
}
