{
    "name": "DatePicker 多时间粒度选择器组件",
    "version": "v1.0.3",
    "lockfileVersion": 1,
    "requires": true,
    "dependencies": {
        "js-md5": {
            "version": "0.7.3",
            "resolved": "https://registry.npm.taobao.org/js-md5/download/js-md5-0.7.3.tgz",
            "integrity": "sha1-tPL7sLMnRV9ZjWcn447Ccs0Jw/I="
        }
    }
}
