# THIS IS AN AUTOGENERATED FILE. DO NOT EDIT THIS FILE DIRECTLY.
# yarn lockfile v1


crazy-validator@^1.0.2:
  version "1.0.2"
  resolved "https://registry.yarnpkg.com/crazy-validator/-/crazy-validator-1.0.2.tgz#bee2fbfc4326f37f836feca016f6ad185d01f114"
  integrity sha512-1y++itu1F3YG8HwiZ5mfFL/j8fm+R4xj75Vk6e0IXsxNscV9rqIegEJIP7WO7pl3uzBQJ9E1X3lKUhaC/2qGKg==

js-md5@^0.7.3:
  version "0.7.3"
  resolved "https://registry.yarnpkg.com/js-md5/-/js-md5-0.7.3.tgz#b4f2fbb0b327455f598d6727e38ec272cd09c3f2"
  integrity sha512-ZC41vPSTLKGwIRjqDh8DfXoCrdQIyBgspJVPXHBGu4nZlAEvG3nf+jO9avM9RmLiGakg7vz974ms99nEV0tmTQ==
